
Microsoft Visual Studio Solution File, Format Version 12.00
# Visual Studio Version 16
VisualStudioVersion = 16.0.30517.126
MinimumVisualStudioVersion = 10.0.40219.1
Project("{FAE04EC0-301F-11D3-BF4B-00C04F79EFBC}") = "FormsInterface", "FormsInterface\FormsInterface.csproj", "{ADF4E191-523F-4F83-A545-642583236980}"
EndProject
Global
	GlobalSection(SolutionConfigurationPlatforms) = preSolution
		Debug|Any CPU = Debug|Any CPU
		Release|Any CPU = Release|Any CPU
	EndGlobalSection
	GlobalSection(ProjectConfigurationPlatforms) = postSolution
		{ADF4E191-523F-4F83-A545-642583236980}.Debug|Any CPU.ActiveCfg = Debug|Any CPU
		{ADF4E191-523F-4F83-A545-642583236980}.Debug|Any CPU.Build.0 = Debug|Any CPU
		{ADF4E191-523F-4F83-A545-642583236980}.Release|Any CPU.ActiveCfg = Release|Any CPU
		{ADF4E191-523F-4F83-A545-642583236980}.Release|Any CPU.Build.0 = Release|Any CPU
	EndGlobalSection
	GlobalSection(SolutionProperties) = preSolution
		HideSolutionNode = FALSE
	EndGlobalSection
	GlobalSection(ExtensibilityGlobals) = postSolution
		SolutionGuid = {3D1AA79F-A50F-4293-B976-6B332B0F6051}
	EndGlobalSection
EndGlobal
